
Microsoft Visual Studio Solution File, Format Version 12.00
# Visual Studio Version 17
VisualStudioVersion = 17.3.32901.215
MinimumVisualStudioVersion = 10.0.40219.1
Project("{FAE04EC0-301F-11D3-BF4B-00C04F79EFBC}") = "Sistema_De_Gestion", "Sistema_De_Gestion\Sistema_De_Gestion.csproj", "{5A2D7A9E-37B7-44C5-86A2-6AF0C368FC86}"
EndProject
Global
	GlobalSection(SolutionConfigurationPlatforms) = preSolution
		Debug|Any CPU = Debug|Any CPU
		Release|Any CPU = Release|Any CPU
	EndGlobalSection
	GlobalSection(ProjectConfigurationPlatforms) = postSolution
		{5A2D7A9E-37B7-44C5-86A2-6AF0C368FC86}.Debug|Any CPU.ActiveCfg = Debug|Any CPU
		{5A2D7A9E-37B7-44C5-86A2-6AF0C368FC86}.Debug|Any CPU.Build.0 = Debug|Any CPU
		{5A2D7A9E-37B7-44C5-86A2-6AF0C368FC86}.Release|Any CPU.ActiveCfg = Release|Any CPU
		{5A2D7A9E-37B7-44C5-86A2-6AF0C368FC86}.Release|Any CPU.Build.0 = Release|Any CPU
	EndGlobalSection
	GlobalSection(SolutionProperties) = preSolution
		HideSolutionNode = FALSE
	EndGlobalSection
	GlobalSection(ExtensibilityGlobals) = postSolution
		SolutionGuid = {DDC12BD0-0445-4918-9915-19D6242EFB13}
	EndGlobalSection
EndGlobal
